// !$*UTF8*$!
{
	archiveVersion = 1;
	classes = {
	};
	objectVersion = 46;
	objects = {

/* Begin PBXBuildFile section */
		0463781A1A6EF39000E4F26A /* main.m in Sources */ = {isa = PBXBuildFile; fileRef = 046378191A6EF39000E4F26A /* main.m */; };
		0463781D1A6EF39000E4F26A /* AppDelegate.m in Sources */ = {isa = PBXBuildFile; fileRef = 0463781C1A6EF39000E4F26A /* AppDelegate.m */; };
		046378251A6EF39000E4F26A /* Images.xcassets in Resources */ = {isa = PBXBuildFile; fileRef = 046378241A6EF39000E4F26A /* Images.xcassets */; };
		046378281A6EF39000E4F26A /* LaunchScreen.xib in Resources */ = {isa = PBXBuildFile; fileRef = 046378261A6EF39000E4F26A /* LaunchScreen.xib */; };
		046378341A6EF39000E4F26A /* TipCalculatorTests.m in Sources */ = {isa = PBXBuildFile; fileRef = 046378331A6EF39000E4F26A /* TipCalculatorTests.m */; };
		B8DC86E51A6F291A0067E642 /* TipViewController.m in Sources */ = {isa = PBXBuildFile; fileRef = B8DC86E31A6F291A0067E642 /* TipViewController.m */; };
		B8DC86E61A6F291A0067E642 /* TipViewController.xib in Resources */ = {isa = PBXBuildFile; fileRef = B8DC86E41A6F291A0067E642 /* TipViewController.xib */; };
		B8DC86EA1A6F44F50067E642 /* SettingsViewController.m in Sources */ = {isa = PBXBuildFile; fileRef = B8DC86E81A6F44F50067E642 /* SettingsViewController.m */; };
		B8DC86EB1A6F44F50067E642 /* SettingsViewController.xib in Resources */ = {isa = PBXBuildFile; fileRef = B8DC86E91A6F44F50067E642 /* SettingsViewController.xib */; };
/* End PBXBuildFile section */

/* Begin PBXContainerItemProxy section */
		0463782E1A6EF39000E4F26A /* PBXContainerItemProxy */ = {
			isa = PBXContainerItemProxy;
			containerPortal = 0463780C1A6EF39000E4F26A /* Project object */;
			proxyType = 1;
			remoteGlobalIDString = 046378131A6EF39000E4F26A;
			remoteInfo = TipCalculator;
		};
/* End PBXContainerItemProxy section */

/* Begin PBXFileReference section */
		046378141A6EF39000E4F26A /* TipCalculator.app */ = {isa = PBXFileReference; explicitFileType = wrapper.application; includeInIndex = 0; path = TipCalculator.app; sourceTree = BUILT_PRODUCTS_DIR; };
		046378181A6EF39000E4F26A /* Info.plist */ = {isa = PBXFileReference; lastKnownFileType = text.plist.xml; path = Info.plist; sourceTree = "<group>"; };
		046378191A6EF39000E4F26A /* main.m */ = {isa = PBXFileReference; lastKnownFileType = sourcecode.c.objc; path = main.m; sourceTree = "<group>"; };
		0463781B1A6EF39000E4F26A /* AppDelegate.h */ = {isa = PBXFileReference; lastKnownFileType = sourcecode.c.h; path = AppDelegate.h; sourceTree = "<group>"; };
		0463781C1A6EF39000E4F26A /* AppDelegate.m */ = {isa = PBXFileReference; lastKnownFileType = sourcecode.c.objc; path = AppDelegate.m; sourceTree = "<group>"; };
		046378241A6EF39000E4F26A /* Images.xcassets */ = {isa = PBXFileReference; lastKnownFileType = folder.assetcatalog; path = Images.xcassets; sourceTree = "<group>"; };
		046378271A6EF39000E4F26A /* Base */ = {isa = PBXFileReference; lastKnownFileType = file.xib; name = Base; path = Base.lproj/LaunchScreen.xib; sourceTree = "<group>"; };
		0463782D1A6EF39000E4F26A /* TipCalculatorTests.xctest */ = {isa = PBXFileReference; explicitFileType = wrapper.cfbundle; includeInIndex = 0; path = TipCalculatorTests.xctest; sourceTree = BUILT_PRODUCTS_DIR; };
		046378321A6EF39000E4F26A /* Info.plist */ = {isa = PBXFileReference; lastKnownFileType = text.plist.xml; path = Info.plist; sourceTree = "<group>"; };
		046378331A6EF39000E4F26A /* TipCalculatorTests.m */ = {isa = PBXFileReference; lastKnownFileType = sourcecode.c.objc; path = TipCalculatorTests.m; sourceTree = "<group>"; };
		B8DC86E21A6F291A0067E642 /* TipViewController.h */ = {isa = PBXFileReference; fileEncoding = 4; lastKnownFileType = sourcecode.c.h; path = TipViewController.h; sourceTree = "<group>"; };
		B8DC86E31A6F291A0067E642 /* TipViewController.m */ = {isa = PBXFileReference; fileEncoding = 4; lastKnownFileType = sourcecode.c.objc; path = TipViewController.m; sourceTree = "<group>"; };
		B8DC86E41A6F291A0067E642 /* TipViewController.xib */ = {isa = PBXFileReference; fileEncoding = 4; lastKnownFileType = file.xib; path = TipViewController.xib; sourceTree = "<group>"; };
		B8DC86E71A6F44F50067E642 /* SettingsViewController.h */ = {isa = PBXFileReference; fileEncoding = 4; lastKnownFileType = sourcecode.c.h; path = SettingsViewController.h; sourceTree = "<group>"; };
		B8DC86E81A6F44F50067E642 /* SettingsViewController.m */ = {isa = PBXFileReference; fileEncoding = 4; lastKnownFileType = sourcecode.c.objc; path = SettingsViewController.m; sourceTree = "<group>"; };
		B8DC86E91A6F44F50067E642 /* SettingsViewController.xib */ = {isa = PBXFileReference; fileEncoding = 4; lastKnownFileType = file.xib; path = SettingsViewController.xib; sourceTree = "<group>"; };
/* End PBXFileReference section */

/* Begin PBXFrameworksBuildPhase section */
		046378111A6EF39000E4F26A /* Frameworks */ = {
			isa = PBXFrameworksBuildPhase;
			buildActionMask = 2147483647;
			files = (
			);
			runOnlyForDeploymentPostprocessing = 0;
		};
		0463782A1A6EF39000E4F26A /* Frameworks */ = {
			isa = PBXFrameworksBuildPhase;
			buildActionMask = 2147483647;
			files = (
			);
			runOnlyForDeploymentPostprocessing = 0;
		};
/* End PBXFrameworksBuildPhase section */

/* Begin PBXGroup section */
		0463780B1A6EF39000E4F26A = {
			isa = PBXGroup;
			children = (
				046378161A6EF39000E4F26A /* TipCalculator */,
				046378301A6EF39000E4F26A /* TipCalculatorTests */,
				046378151A6EF39000E4F26A /* Products */,
			);
			sourceTree = "<group>";
		};
		046378151A6EF39000E4F26A /* Products */ = {
			isa = PBXGroup;
			children = (
				046378141A6EF39000E4F26A /* TipCalculator.app */,
				0463782D1A6EF39000E4F26A /* TipCalculatorTests.xctest */,
			);
			name = Products;
			sourceTree = "<group>";
		};
		046378161A6EF39000E4F26A /* TipCalculator */ = {
			isa = PBXGroup;
			children = (
				0463781B1A6EF39000E4F26A /* AppDelegate.h */,
				0463781C1A6EF39000E4F26A /* AppDelegate.m */,
				046378241A6EF39000E4F26A /* Images.xcassets */,
				046378261A6EF39000E4F26A /* LaunchScreen.xib */,
				046378171A6EF39000E4F26A /* Supporting Files */,
			);
			path = TipCalculator;
			sourceTree = "<group>";
		};
		046378171A6EF39000E4F26A /* Supporting Files */ = {
			isa = PBXGroup;
			children = (
				046378181A6EF39000E4F26A /* Info.plist */,
				046378191A6EF39000E4F26A /* main.m */,
				B8DC86E21A6F291A0067E642 /* TipViewController.h */,
				B8DC86E31A6F291A0067E642 /* TipViewController.m */,
				B8DC86E41A6F291A0067E642 /* TipViewController.xib */,
				B8DC86E71A6F44F50067E642 /* SettingsViewController.h */,
				B8DC86E81A6F44F50067E642 /* SettingsViewController.m */,
				B8DC86E91A6F44F50067E642 /* SettingsViewController.xib */,
			);
			name = "Supporting Files";
			sourceTree = "<group>";
		};
		046378301A6EF39000E4F26A /* TipCalculatorTests */ = {
			isa = PBXGroup;
			children = (
				046378331A6EF39000E4F26A /* TipCalculatorTests.m */,
				046378311A6EF39000E4F26A /* Supporting Files */,
			);
			path = TipCalculatorTests;
			sourceTree = "<group>";
		};
		046378311A6EF39000E4F26A /* Supporting Files */ = {
			isa = PBXGroup;
			children = (
				046378321A6EF39000E4F26A /* Info.plist */,
			);
			name = "Supporting Files";
			sourceTree = "<group>";
		};
/* End PBXGroup section */

/* Begin PBXNativeTarget section */
		046378131A6EF39000E4F26A /* TipCalculator */ = {
			isa = PBXNativeTarget;
			buildConfigurationList = 046378371A6EF39000E4F26A /* Build configuration list for PBXNativeTarget "TipCalculator" */;
			buildPhases = (
				046378101A6EF39000E4F26A /* Sources */,
				046378111A6EF39000E4F26A /* Frameworks */,
				046378121A6EF39000E4F26A /* Resources */,
			);
			buildRules = (
			);
			dependencies = (
			);
			name = TipCalculator;
			productName = TipCalculator;
			productReference = 046378141A6EF39000E4F26A /* TipCalculator.app */;
			productType = "com.apple.product-type.application";
		};
		0463782C1A6EF39000E4F26A /* TipCalculatorTests */ = {
			isa = PBXNativeTarget;
			buildConfigurationList = 0463783A1A6EF39000E4F26A /* Build configuration list for PBXNativeTarget "TipCalculatorTests" */;
			buildPhases = (
				046378291A6EF39000E4F26A /* Sources */,
				0463782A1A6EF39000E4F26A /* Frameworks */,
				0463782B1A6EF39000E4F26A /* Resources */,
			);
			buildRules = (
			);
			dependencies = (
				0463782F1A6EF39000E4F26A /* PBXTargetDependency */,
			);
			name = TipCalculatorTests;
			productName = TipCalculatorTests;
			productReference = 0463782D1A6EF39000E4F26A /* TipCalculatorTests.xctest */;
			productType = "com.apple.product-type.bundle.unit-test";
		};
/* End PBXNativeTarget section */

/* Begin PBXProject section */
		0463780C1A6EF39000E4F26A /* Project object */ = {
			isa = PBXProject;
			attributes = {
				LastUpgradeCheck = 0610;
				ORGANIZATIONNAME = Yahoo;
				TargetAttributes = {
					046378131A6EF39000E4F26A = {
						CreatedOnToolsVersion = 6.1.1;
					};
					0463782C1A6EF39000E4F26A = {
						CreatedOnToolsVersion = 6.1.1;
						TestTargetID = 046378131A6EF39000E4F26A;
					};
				};
			};
			buildConfigurationList = 0463780F1A6EF39000E4F26A /* Build configuration list for PBXProject "TipCalculator" */;
			compatibilityVersion = "Xcode 3.2";
			developmentRegion = English;
			hasScannedForEncodings = 0;
			knownRegions = (
				en,
				Base,
			);
			mainGroup = 0463780B1A6EF39000E4F26A;
			productRefGroup = 046378151A6EF39000E4F26A /* Products */;
			projectDirPath = "";
			projectRoot = "";
			targets = (
				046378131A6EF39000E4F26A /* TipCalculator */,
				0463782C1A6EF39000E4F26A /* TipCalculatorTests */,
			);
		};
/* End PBXProject section */

/* Begin PBXResourcesBuildPhase section */
		046378121A6EF39000E4F26A /* Resources */ = {
			isa = PBXResourcesBuildPhase;
			buildActionMask = 2147483647;
			files = (
				B8DC86E61A6F291A0067E642 /* TipViewController.xib in Resources */,
				046378281A6EF39000E4F26A /* LaunchScreen.xib in Resources */,
				046378251A6EF39000E4F26A /* Images.xcassets in Resources */,
				B8DC86EB1A6F44F50067E642 /* SettingsViewController.xib in Resources */,
			);
			runOnlyForDeploymentPostprocessing = 0;
		};
		0463782B1A6EF39000E4F26A /* Resources */ = {
			isa = PBXResourcesBuildPhase;
			buildActionMask = 2147483647;
			files = (
			);
			runOnlyForDeploymentPostprocessing = 0;
		};
/* End PBXResourcesBuildPhase section */

/* Begin PBXSourcesBuildPhase section */
		046378101A6EF39000E4F26A /* Sources */ = {
			isa = PBXSourcesBuildPhase;
			buildActionMask = 2147483647;
			files = (
				0463781D1A6EF39000E4F26A /* AppDelegate.m in Sources */,
				B8DC86EA1A6F44F50067E642 /* SettingsViewController.m in Sources */,
				B8DC86E51A6F291A0067E642 /* TipViewController.m in Sources */,
				0463781A1A6EF39000E4F26A /* main.m in Sources */,
			);
			runOnlyForDeploymentPostprocessing = 0;
		};
		046378291A6EF39000E4F26A /* Sources */ = {
			isa = PBXSourcesBuildPhase;
			buildActionMask = 2147483647;
			files = (
				046378341A6EF39000E4F26A /* TipCalculatorTests.m in Sources */,
			);
			runOnlyForDeploymentPostprocessing = 0;
		};
/* End PBXSourcesBuildPhase section */

/* Begin PBXTargetDependency section */
		0463782F1A6EF39000E4F26A /* PBXTargetDependency */ = {
			isa = PBXTargetDependency;
			target = 046378131A6EF39000E4F26A /* TipCalculator */;
			targetProxy = 0463782E1A6EF39000E4F26A /* PBXContainerItemProxy */;
		};
/* End PBXTargetDependency section */

/* Begin PBXVariantGroup section */
		046378261A6EF39000E4F26A /* LaunchScreen.xib */ = {
			isa = PBXVariantGroup;
			children = (
				046378271A6EF39000E4F26A /* Base */,
			);
			name = LaunchScreen.xib;
			sourceTree = "<group>";
		};
/* End PBXVariantGroup section */

/* Begin XCBuildConfiguration section */
		046378351A6EF39000E4F26A /* Debug */ = {
			isa = XCBuildConfiguration;
			buildSettings = {
				ALWAYS_SEARCH_USER_PATHS = NO;
				CLANG_CXX_LANGUAGE_STANDARD = "gnu++0x";
				CLANG_CXX_LIBRARY = "libc++";
				CLANG_ENABLE_MODULES = YES;
				CLANG_ENABLE_OBJC_ARC = YES;
				CLANG_WARN_BOOL_CONVERSION = YES;
				CLANG_WARN_CONSTANT_CONVERSION = YES;
				CLANG_WARN_DIRECT_OBJC_ISA_USAGE = YES_ERROR;
				CLANG_WARN_EMPTY_BODY = YES;
				CLANG_WARN_ENUM_CONVERSION = YES;
				CLANG_WARN_INT_CONVERSION = YES;
				CLANG_WARN_OBJC_ROOT_CLASS = YES_ERROR;
				CLANG_WARN_UNREACHABLE_CODE = YES;
				CLANG_WARN__DUPLICATE_METHOD_MATCH = YES;
				"CODE_SIGN_IDENTITY[sdk=iphoneos*]" = "iPhone Developer";
				COPY_PHASE_STRIP = NO;
				ENABLE_STRICT_OBJC_MSGSEND = YES;
				GCC_C_LANGUAGE_STANDARD = gnu99;
				GCC_DYNAMIC_NO_PIC = NO;
				GCC_OPTIMIZATION_LEVEL = 0;
				GCC_PREPROCESSOR_DEFINITIONS = (
					"DEBUG=1",
					"$(inherited)",
				);
				GCC_SYMBOLS_PRIVATE_EXTERN = NO;
				GCC_WARN_64_TO_32_BIT_CONVERSION = YES;
				GCC_WARN_ABOUT_RETURN_TYPE = YES_ERROR;
				GCC_WARN_UNDECLARED_SELECTOR = YES;
				GCC_WARN_UNINITIALIZED_AUTOS = YES_AGGRESSIVE;
				GCC_WARN_UNUSED_FUNCTION = YES;
				GCC_WARN_UNUSED_VARIABLE = YES;
				IPHONEOS_DEPLOYMENT_TARGET = 8.1;
				MTL_ENABLE_DEBUG_INFO = YES;
				ONLY_ACTIVE_ARCH = YES;
				SDKROOT = iphoneos;
			};
			name = Debug;
		};
		046378361A6EF39000E4F26A /* Release */ = {
			isa = XCBuildConfiguration;
			buildSettings = {
				ALWAYS_SEARCH_USER_PATHS = NO;
				CLANG_CXX_LANGUAGE_STANDARD = "gnu++0x";
				CLANG_CXX_LIBRARY = "libc++";
				CLANG_ENABLE_MODULES = YES;
				CLANG_ENABLE_OBJC_ARC = YES;
				CLANG_WARN_BOOL_CONVERSION = YES;
				CLANG_WARN_CONSTANT_CONVERSION = YES;
				CLANG_WARN_DIRECT_OBJC_ISA_USAGE = YES_ERROR;
				CLANG_WARN_EMPTY_BODY = YES;
				CLANG_WARN_ENUM_CONVERSION = YES;
				CLANG_WARN_INT_CONVERSION = YES;
				CLANG_WARN_OBJC_ROOT_CLASS = YES_ERROR;
				CLANG_WARN_UNREACHABLE_CODE = YES;
				CLANG_WARN__DUPLICATE_METHOD_MATCH = YES;
				"CODE_SIGN_IDENTITY[sdk=iphoneos*]" = "iPhone Developer";
				COPY_PHASE_STRIP = YES;
				ENABLE_NS_ASSERTIONS = NO;
				ENABLE_STRICT_OBJC_MSGSEND = YES;
				GCC_C_LANGUAGE_STANDARD = gnu99;
				GCC_WARN_64_TO_32_BIT_CONVERSION = YES;
				GCC_WARN_ABOUT_RETURN_TYPE = YES_ERROR;
				GCC_WARN_UNDECLARED_SELECTOR = YES;
				GCC_WARN_UNINITIALIZED_AUTOS = YES_AGGRESSIVE;
				GCC_WARN_UNUSED_FUNCTION = YES;
				GCC_WARN_UNUSED_VARIABLE = YES;
				IPHONEOS_DEPLOYMENT_TARGET = 8.1;
				MTL_ENABLE_DEBUG_INFO = NO;
				SDKROOT = iphoneos;
				VALIDATE_PRODUCT = YES;
			};
			name = Release;
		};
		046378381A6EF39000E4F26A /* Debug */ = {
			isa = XCBuildConfiguration;
			buildSettings = {
				ASSETCATALOG_COMPILER_APPICON_NAME = AppIcon;
				INFOPLIST_FILE = TipCalculator/Info.plist;
				IPHONEOS_DEPLOYMENT_TARGET = 6.0;
				LD_RUNPATH_SEARCH_PATHS = "$(inherited) @executable_path/Frameworks";
				PRODUCT_NAME = "$(TARGET_NAME)";
			};
			name = Debug;
		};
		046378391A6EF39000E4F26A /* Release */ = {
			isa = XCBuildConfiguration;
			buildSettings = {
				ASSETCATALOG_COMPILER_APPICON_NAME = AppIcon;
				INFOPLIST_FILE = TipCalculator/Info.plist;
				IPHONEOS_DEPLOYMENT_TARGET = 6.0;
				LD_RUNPATH_SEARCH_PATHS = "$(inherited) @executable_path/Frameworks";
				PRODUCT_NAME = "$(TARGET_NAME)";
			};
			name = Release;
		};
		0463783B1A6EF39000E4F26A /* Debug */ = {
			isa = XCBuildConfiguration;
			buildSettings = {
				BUNDLE_LOADER = "$(TEST_HOST)";
				FRAMEWORK_SEARCH_PATHS = (
					"$(SDKROOT)/Developer/Library/Frameworks",
					"$(inherited)",
				);
				GCC_PREPROCESSOR_DEFINITIONS = (
					"DEBUG=1",
					"$(inherited)",
				);
				INFOPLIST_FILE = TipCalculatorTests/Info.plist;
				LD_RUNPATH_SEARCH_PATHS = "$(inherited) @executable_path/Frameworks @loader_path/Frameworks";
				PRODUCT_NAME = "$(TARGET_NAME)";
				TEST_HOST = "$(BUILT_PRODUCTS_DIR)/TipCalculator.app/TipCalculator";
			};
			name = Debug;
		};
		0463783C1A6EF39000E4F26A /* Release */ = {
			isa = XCBuildConfiguration;
			buildSettings = {
				BUNDLE_LOADER = "$(TEST_HOST)";
				FRAMEWORK_SEARCH_PATHS = (
					"$(SDKROOT)/Developer/Library/Frameworks",
					"$(inherited)",
				);
				INFOPLIST_FILE = TipCalculatorTests/Info.plist;
				LD_RUNPATH_SEARCH_PATHS = "$(inherited) @executable_path/Frameworks @loader_path/Frameworks";
				PRODUCT_NAME = "$(TARGET_NAME)";
				TEST_HOST = "$(BUILT_PRODUCTS_DIR)/TipCalculator.app/TipCalculator";
			};
			name = Release;
		};
/* End XCBuildConfiguration section */

/* Begin XCConfigurationList section */
		0463780F1A6EF39000E4F26A /* Build configuration list for PBXProject "TipCalculator" */ = {
			isa = XCConfigurationList;
			buildConfigurations = (
				046378351A6EF39000E4F26A /* Debug */,
				046378361A6EF39000E4F26A /* Release */,
			);
			defaultConfigurationIsVisible = 0;
			defaultConfigurationName = Release;
		};
		046378371A6EF39000E4F26A /* Build configuration list for PBXNativeTarget "TipCalculator" */ = {
			isa = XCConfigurationList;
			buildConfigurations = (
				046378381A6EF39000E4F26A /* Debug */,
				046378391A6EF39000E4F26A /* Release */,
			);
			defaultConfigurationIsVisible = 0;
			defaultConfigurationName = Release;
		};
		0463783A1A6EF39000E4F26A /* Build configuration list for PBXNativeTarget "TipCalculatorTests" */ = {
			isa = XCConfigurationList;
			buildConfigurations = (
				0463783B1A6EF39000E4F26A /* Debug */,
				0463783C1A6EF39000E4F26A /* Release */,
			);
			defaultConfigurationIsVisible = 0;
			defaultConfigurationName = Release;
		};
/* End XCConfigurationList section */
	};
	rootObject = 0463780C1A6EF39000E4F26A /* Project object */;
}
